// !$*UTF8*$!
{
	archiveVersion = 1;
	classes = {
	};
	objectVersion = 46;
	objects = {

/* Begin PBXBuildFile section */
		3C4BAD161AAE87B800B34133 /* EUExChatKeyboard.m in Sources */ = {isa = PBXBuildFile; fileRef = 3C4BACDF1AAE87B700B34133 /* EUExChatKeyboard.m */; };
		3C4BAD171AAE87B800B34133 /* ACPVoiceActionView.m in Sources */ = {isa = PBXBuildFile; fileRef = 3C4BACE21AAE87B700B34133 /* ACPVoiceActionView.m */; };
		3C4BAD181AAE87B800B34133 /* ChatKeyboard.m in Sources */ = {isa = PBXBuildFile; fileRef = 3C4BACE41AAE87B700B34133 /* ChatKeyboard.m */; };
		3C4BAD191AAE87B800B34133 /* ChatKeyboardData.m in Sources */ = {isa = PBXBuildFile; fileRef = 3C4BACE61AAE87B700B34133 /* ChatKeyboardData.m */; };
		3C4BAD1A1AAE87B800B34133 /* ChatKeyboardUtility.m in Sources */ = {isa = PBXBuildFile; fileRef = 3C4BACE81AAE87B700B34133 /* ChatKeyboardUtility.m */; };
		3C4BAD1B1AAE87B800B34133 /* NSAttributedString+Attributes.m in Sources */ = {isa = PBXBuildFile; fileRef = 3C4BACEB1AAE87B700B34133 /* NSAttributedString+Attributes.m */; settings = {COMPILER_FLAGS = "-fno-objc-arc"; }; };
		3C4BAD1C1AAE87B800B34133 /* NSString+Message.m in Sources */ = {isa = PBXBuildFile; fileRef = 3C4BACED1AAE87B700B34133 /* NSString+Message.m */; };
		3C4BAD1D1AAE87B800B34133 /* UIImage+XHRounded.m in Sources */ = {isa = PBXBuildFile; fileRef = 3C4BACEF1AAE87B700B34133 /* UIImage+XHRounded.m */; };
		3C4BAD1E1AAE87B800B34133 /* ZBMessageAvatorFactory.m in Sources */ = {isa = PBXBuildFile; fileRef = 3C4BACF21AAE87B800B34133 /* ZBMessageAvatorFactory.m */; };
		3C4BAD1F1AAE87B800B34133 /* ZBMessageBubbleFactory.m in Sources */ = {isa = PBXBuildFile; fileRef = 3C4BACF41AAE87B800B34133 /* ZBMessageBubbleFactory.m */; };
		3C4BAD201AAE87B800B34133 /* ZBMessageVoiceFactory.m in Sources */ = {isa = PBXBuildFile; fileRef = 3C4BACF61AAE87B800B34133 /* ZBMessageVoiceFactory.m */; };
		3C4BAD211AAE87B800B34133 /* ZBExpressionSectionBar.m in Sources */ = {isa = PBXBuildFile; fileRef = 3C4BAD011AAE87B800B34133 /* ZBExpressionSectionBar.m */; };
		3C4BAD221AAE87B800B34133 /* ZBFaceView.m in Sources */ = {isa = PBXBuildFile; fileRef = 3C4BAD031AAE87B800B34133 /* ZBFaceView.m */; };
		3C4BAD231AAE87B800B34133 /* ZBMessageManagerFaceView.m in Sources */ = {isa = PBXBuildFile; fileRef = 3C4BAD051AAE87B800B34133 /* ZBMessageManagerFaceView.m */; };
		3C4BAD241AAE87B800B34133 /* ZBMessageInputView.m in Sources */ = {isa = PBXBuildFile; fileRef = 3C4BAD081AAE87B800B34133 /* ZBMessageInputView.m */; };
		3C4BAD251AAE87B800B34133 /* ZBMessageTextView.m in Sources */ = {isa = PBXBuildFile; fileRef = 3C4BAD0A1AAE87B800B34133 /* ZBMessageTextView.m */; };
		3C4BAD261AAE87B800B34133 /* ZBMessageShareMenuItem.m in Sources */ = {isa = PBXBuildFile; fileRef = 3C4BAD0D1AAE87B800B34133 /* ZBMessageShareMenuItem.m */; };
		3C4BAD271AAE87B800B34133 /* ZBMessageShareMenuView.m in Sources */ = {isa = PBXBuildFile; fileRef = 3C4BAD0F1AAE87B800B34133 /* ZBMessageShareMenuView.m */; };
		3C4BAD281AAE87B800B34133 /* ZBMessage.m in Sources */ = {isa = PBXBuildFile; fileRef = 3C4BAD121AAE87B800B34133 /* ZBMessage.m */; };
		3C4BAD291AAE87B800B34133 /* XMLReader.m in Sources */ = {isa = PBXBuildFile; fileRef = 3C4BAD151AAE87B800B34133 /* XMLReader.m */; };
		3C6CD96E1AAE8A7900D38A65 /* UIKit.framework in Frameworks */ = {isa = PBXBuildFile; fileRef = 3C6CD9641AAE8A7900D38A65 /* UIKit.framework */; };
		3C6CD96F1AAE8A7900D38A65 /* CoreGraphics.framework in Frameworks */ = {isa = PBXBuildFile; fileRef = 3C6CD9651AAE8A7900D38A65 /* CoreGraphics.framework */; };
		3C6CD9701AAE8A7900D38A65 /* QuartzCore.framework in Frameworks */ = {isa = PBXBuildFile; fileRef = 3C6CD9661AAE8A7900D38A65 /* QuartzCore.framework */; };
		3C6CD9711AAE8A7900D38A65 /* libz.dylib in Frameworks */ = {isa = PBXBuildFile; fileRef = 3C6CD9671AAE8A7900D38A65 /* libz.dylib */; };
		3C6CD9721AAE8A7900D38A65 /* libsqlite3.dylib in Frameworks */ = {isa = PBXBuildFile; fileRef = 3C6CD9681AAE8A7900D38A65 /* libsqlite3.dylib */; };
		3C6CD9731AAE8A7900D38A65 /* SystemConfiguration.framework in Frameworks */ = {isa = PBXBuildFile; fileRef = 3C6CD9691AAE8A7900D38A65 /* SystemConfiguration.framework */; };
		3C6CD9741AAE8A7900D38A65 /* MobileCoreServices.framework in Frameworks */ = {isa = PBXBuildFile; fileRef = 3C6CD96A1AAE8A7900D38A65 /* MobileCoreServices.framework */; };
		3C6CD9751AAE8A7900D38A65 /* CoreTelephony.framework in Frameworks */ = {isa = PBXBuildFile; fileRef = 3C6CD96B1AAE8A7900D38A65 /* CoreTelephony.framework */; };
		3C6CD9761AAE8A7900D38A65 /* MapKit.framework in Frameworks */ = {isa = PBXBuildFile; fileRef = 3C6CD96C1AAE8A7900D38A65 /* MapKit.framework */; };
		3C6CD9771AAE8A7900D38A65 /* AudioToolbox.framework in Frameworks */ = {isa = PBXBuildFile; fileRef = 3C6CD96D1AAE8A7900D38A65 /* AudioToolbox.framework */; };
		3C6CD9791AAE8BDF00D38A65 /* libAppCanEngine_IOS.a in Frameworks */ = {isa = PBXBuildFile; fileRef = 3C6CD9781AAE8BDF00D38A65 /* libAppCanEngine_IOS.a */; };
		42B9285E1BAACAF8008D4B54 /* ImageIO.framework in Frameworks */ = {isa = PBXBuildFile; fileRef = 42B9285D1BAACAF8008D4B54 /* ImageIO.framework */; };
		F769E3081AAE81AD009A471B /* Foundation.framework in Frameworks */ = {isa = PBXBuildFile; fileRef = F769E3071AAE81AD009A471B /* Foundation.framework */; };
/* End PBXBuildFile section */

/* Begin PBXCopyFilesBuildPhase section */
		F769E3021AAE81AD009A471B /* CopyFiles */ = {
			isa = PBXCopyFilesBuildPhase;
			buildActionMask = 2147483647;
			dstPath = "include/$(PRODUCT_NAME)";
			dstSubfolderSpec = 16;
			files = (
			);
			runOnlyForDeploymentPostprocessing = 0;
		};
/* End PBXCopyFilesBuildPhase section */

/* Begin PBXFileReference section */
		3C4BACDA1AAE87B700B34133 /* EBrowserView.h */ = {isa = PBXFileReference; fileEncoding = 4; lastKnownFileType = sourcecode.c.h; path = EBrowserView.h; sourceTree = "<group>"; };
		3C4BACDB1AAE87B700B34133 /* EUExBase.h */ = {isa = PBXFileReference; fileEncoding = 4; lastKnownFileType = sourcecode.c.h; path = EUExBase.h; sourceTree = "<group>"; };
		3C4BACDC1AAE87B700B34133 /* EUExBaseDefine.h */ = {isa = PBXFileReference; fileEncoding = 4; lastKnownFileType = sourcecode.c.h; path = EUExBaseDefine.h; sourceTree = "<group>"; };
		3C4BACDD1AAE87B700B34133 /* EUtility.h */ = {isa = PBXFileReference; fileEncoding = 4; lastKnownFileType = sourcecode.c.h; path = EUtility.h; sourceTree = "<group>"; };
		3C4BACDE1AAE87B700B34133 /* EUExChatKeyboard.h */ = {isa = PBXFileReference; fileEncoding = 4; lastKnownFileType = sourcecode.c.h; name = EUExChatKeyboard.h; path = EUExChatKeyboard/EUExChatKeyboard.h; sourceTree = SOURCE_ROOT; };
		3C4BACDF1AAE87B700B34133 /* EUExChatKeyboard.m */ = {isa = PBXFileReference; fileEncoding = 4; lastKnownFileType = sourcecode.c.objc; name = EUExChatKeyboard.m; path = EUExChatKeyboard/EUExChatKeyboard.m; sourceTree = SOURCE_ROOT; };
		3C4BACE11AAE87B700B34133 /* ACPVoiceActionView.h */ = {isa = PBXFileReference; fileEncoding = 4; lastKnownFileType = sourcecode.c.h; path = ACPVoiceActionView.h; sourceTree = "<group>"; };
		3C4BACE21AAE87B700B34133 /* ACPVoiceActionView.m */ = {isa = PBXFileReference; fileEncoding = 4; lastKnownFileType = sourcecode.c.objc; path = ACPVoiceActionView.m; sourceTree = "<group>"; };
		3C4BACE31AAE87B700B34133 /* ChatKeyboard.h */ = {isa = PBXFileReference; fileEncoding = 4; lastKnownFileType = sourcecode.c.h; path = ChatKeyboard.h; sourceTree = "<group>"; };
		3C4BACE41AAE87B700B34133 /* ChatKeyboard.m */ = {isa = PBXFileReference; fileEncoding = 4; lastKnownFileType = sourcecode.c.objc; path = ChatKeyboard.m; sourceTree = "<group>"; };
		3C4BACE51AAE87B700B34133 /* ChatKeyboardData.h */ = {isa = PBXFileReference; fileEncoding = 4; lastKnownFileType = sourcecode.c.h; path = ChatKeyboardData.h; sourceTree = "<group>"; };
		3C4BACE61AAE87B700B34133 /* ChatKeyboardData.m */ = {isa = PBXFileReference; fileEncoding = 4; lastKnownFileType = sourcecode.c.objc; path = ChatKeyboardData.m; sourceTree = "<group>"; };
		3C4BACE71AAE87B700B34133 /* ChatKeyboardUtility.h */ = {isa = PBXFileReference; fileEncoding = 4; lastKnownFileType = sourcecode.c.h; path = ChatKeyboardUtility.h; sourceTree = "<group>"; };
		3C4BACE81AAE87B700B34133 /* ChatKeyboardUtility.m */ = {isa = PBXFileReference; fileEncoding = 4; lastKnownFileType = sourcecode.c.objc; path = ChatKeyboardUtility.m; sourceTree = "<group>"; };
		3C4BACEA1AAE87B700B34133 /* NSAttributedString+Attributes.h */ = {isa = PBXFileReference; fileEncoding = 4; lastKnownFileType = sourcecode.c.h; path = "NSAttributedString+Attributes.h"; sourceTree = "<group>"; };
		3C4BACEB1AAE87B700B34133 /* NSAttributedString+Attributes.m */ = {isa = PBXFileReference; fileEncoding = 4; lastKnownFileType = sourcecode.c.objc; path = "NSAttributedString+Attributes.m"; sourceTree = "<group>"; };
		3C4BACEC1AAE87B700B34133 /* NSString+Message.h */ = {isa = PBXFileReference; fileEncoding = 4; lastKnownFileType = sourcecode.c.h; path = "NSString+Message.h"; sourceTree = "<group>"; };
		3C4BACED1AAE87B700B34133 /* NSString+Message.m */ = {isa = PBXFileReference; fileEncoding = 4; lastKnownFileType = sourcecode.c.objc; path = "NSString+Message.m"; sourceTree = "<group>"; };
		3C4BACEE1AAE87B700B34133 /* UIImage+XHRounded.h */ = {isa = PBXFileReference; fileEncoding = 4; lastKnownFileType = sourcecode.c.h; path = "UIImage+XHRounded.h"; sourceTree = "<group>"; };
		3C4BACEF1AAE87B700B34133 /* UIImage+XHRounded.m */ = {isa = PBXFileReference; fileEncoding = 4; lastKnownFileType = sourcecode.c.objc; path = "UIImage+XHRounded.m"; sourceTree = "<group>"; };
		3C4BACF11AAE87B800B34133 /* ZBMessageAvatorFactory.h */ = {isa = PBXFileReference; fileEncoding = 4; lastKnownFileType = sourcecode.c.h; path = ZBMessageAvatorFactory.h; sourceTree = "<group>"; };
		3C4BACF21AAE87B800B34133 /* ZBMessageAvatorFactory.m */ = {isa = PBXFileReference; fileEncoding = 4; lastKnownFileType = sourcecode.c.objc; path = ZBMessageAvatorFactory.m; sourceTree = "<group>"; };
		3C4BACF31AAE87B800B34133 /* ZBMessageBubbleFactory.h */ = {isa = PBXFileReference; fileEncoding = 4; lastKnownFileType = sourcecode.c.h; path = ZBMessageBubbleFactory.h; sourceTree = "<group>"; };
		3C4BACF41AAE87B800B34133 /* ZBMessageBubbleFactory.m */ = {isa = PBXFileReference; fileEncoding = 4; lastKnownFileType = sourcecode.c.objc; path = ZBMessageBubbleFactory.m; sourceTree = "<group>"; };
		3C4BACF51AAE87B800B34133 /* ZBMessageVoiceFactory.h */ = {isa = PBXFileReference; fileEncoding = 4; lastKnownFileType = sourcecode.c.h; path = ZBMessageVoiceFactory.h; sourceTree = "<group>"; };
		3C4BACF61AAE87B800B34133 /* ZBMessageVoiceFactory.m */ = {isa = PBXFileReference; fileEncoding = 4; lastKnownFileType = sourcecode.c.objc; path = ZBMessageVoiceFactory.m; sourceTree = "<group>"; };
		3C4BACF81AAE87B800B34133 /* JSON.h */ = {isa = PBXFileReference; fileEncoding = 4; lastKnownFileType = sourcecode.c.h; path = JSON.h; sourceTree = "<group>"; };
		3C4BACF91AAE87B800B34133 /* NSObject+SBJSON.h */ = {isa = PBXFileReference; fileEncoding = 4; lastKnownFileType = sourcecode.c.h; path = "NSObject+SBJSON.h"; sourceTree = "<group>"; };
		3C4BACFA1AAE87B800B34133 /* NSString+SBJSON.h */ = {isa = PBXFileReference; fileEncoding = 4; lastKnownFileType = sourcecode.c.h; path = "NSString+SBJSON.h"; sourceTree = "<group>"; };
		3C4BACFB1AAE87B800B34133 /* SBJSON.h */ = {isa = PBXFileReference; fileEncoding = 4; lastKnownFileType = sourcecode.c.h; path = SBJSON.h; sourceTree = "<group>"; };
		3C4BACFC1AAE87B800B34133 /* SBJsonBase.h */ = {isa = PBXFileReference; fileEncoding = 4; lastKnownFileType = sourcecode.c.h; path = SBJsonBase.h; sourceTree = "<group>"; };
		3C4BACFD1AAE87B800B34133 /* SBJsonParser.h */ = {isa = PBXFileReference; fileEncoding = 4; lastKnownFileType = sourcecode.c.h; path = SBJsonParser.h; sourceTree = "<group>"; };
		3C4BACFE1AAE87B800B34133 /* SBJsonWriter.h */ = {isa = PBXFileReference; fileEncoding = 4; lastKnownFileType = sourcecode.c.h; path = SBJsonWriter.h; sourceTree = "<group>"; };
		3C4BAD001AAE87B800B34133 /* ZBExpressionSectionBar.h */ = {isa = PBXFileReference; fileEncoding = 4; lastKnownFileType = sourcecode.c.h; path = ZBExpressionSectionBar.h; sourceTree = "<group>"; };
		3C4BAD011AAE87B800B34133 /* ZBExpressionSectionBar.m */ = {isa = PBXFileReference; fileEncoding = 4; lastKnownFileType = sourcecode.c.objc; path = ZBExpressionSectionBar.m; sourceTree = "<group>"; };
		3C4BAD021AAE87B800B34133 /* ZBFaceView.h */ = {isa = PBXFileReference; fileEncoding = 4; lastKnownFileType = sourcecode.c.h; path = ZBFaceView.h; sourceTree = "<group>"; };
		3C4BAD031AAE87B800B34133 /* ZBFaceView.m */ = {isa = PBXFileReference; fileEncoding = 4; lastKnownFileType = sourcecode.c.objc; path = ZBFaceView.m; sourceTree = "<group>"; };
		3C4BAD041AAE87B800B34133 /* ZBMessageManagerFaceView.h */ = {isa = PBXFileReference; fileEncoding = 4; lastKnownFileType = sourcecode.c.h; path = ZBMessageManagerFaceView.h; sourceTree = "<group>"; };
		3C4BAD051AAE87B800B34133 /* ZBMessageManagerFaceView.m */ = {isa = PBXFileReference; fileEncoding = 4; lastKnownFileType = sourcecode.c.objc; path = ZBMessageManagerFaceView.m; sourceTree = "<group>"; };
		3C4BAD071AAE87B800B34133 /* ZBMessageInputView.h */ = {isa = PBXFileReference; fileEncoding = 4; lastKnownFileType = sourcecode.c.h; path = ZBMessageInputView.h; sourceTree = "<group>"; };
		3C4BAD081AAE87B800B34133 /* ZBMessageInputView.m */ = {isa = PBXFileReference; fileEncoding = 4; lastKnownFileType = sourcecode.c.objc; path = ZBMessageInputView.m; sourceTree = "<group>"; };
		3C4BAD091AAE87B800B34133 /* ZBMessageTextView.h */ = {isa = PBXFileReference; fileEncoding = 4; lastKnownFileType = sourcecode.c.h; path = ZBMessageTextView.h; sourceTree = "<group>"; };
		3C4BAD0A1AAE87B800B34133 /* ZBMessageTextView.m */ = {isa = PBXFileReference; fileEncoding = 4; lastKnownFileType = sourcecode.c.objc; path = ZBMessageTextView.m; sourceTree = "<group>"; };
		3C4BAD0C1AAE87B800B34133 /* ZBMessageShareMenuItem.h */ = {isa = PBXFileReference; fileEncoding = 4; lastKnownFileType = sourcecode.c.h; path = ZBMessageShareMenuItem.h; sourceTree = "<group>"; };
		3C4BAD0D1AAE87B800B34133 /* ZBMessageShareMenuItem.m */ = {isa = PBXFileReference; fileEncoding = 4; lastKnownFileType = sourcecode.c.objc; path = ZBMessageShareMenuItem.m; sourceTree = "<group>"; };
		3C4BAD0E1AAE87B800B34133 /* ZBMessageShareMenuView.h */ = {isa = PBXFileReference; fileEncoding = 4; lastKnownFileType = sourcecode.c.h; path = ZBMessageShareMenuView.h; sourceTree = "<group>"; };
		3C4BAD0F1AAE87B800B34133 /* ZBMessageShareMenuView.m */ = {isa = PBXFileReference; fileEncoding = 4; lastKnownFileType = sourcecode.c.objc; path = ZBMessageShareMenuView.m; sourceTree = "<group>"; };
		3C4BAD111AAE87B800B34133 /* ZBMessage.h */ = {isa = PBXFileReference; fileEncoding = 4; lastKnownFileType = sourcecode.c.h; path = ZBMessage.h; sourceTree = "<group>"; };
		3C4BAD121AAE87B800B34133 /* ZBMessage.m */ = {isa = PBXFileReference; fileEncoding = 4; lastKnownFileType = sourcecode.c.objc; path = ZBMessage.m; sourceTree = "<group>"; };
		3C4BAD141AAE87B800B34133 /* XMLReader.h */ = {isa = PBXFileReference; fileEncoding = 4; lastKnownFileType = sourcecode.c.h; path = XMLReader.h; sourceTree = "<group>"; };
		3C4BAD151AAE87B800B34133 /* XMLReader.m */ = {isa = PBXFileReference; fileEncoding = 4; lastKnownFileType = sourcecode.c.objc; path = XMLReader.m; sourceTree = "<group>"; };
		3C6CD9641AAE8A7900D38A65 /* UIKit.framework */ = {isa = PBXFileReference; lastKnownFileType = wrapper.framework; name = UIKit.framework; path = System/Library/Frameworks/UIKit.framework; sourceTree = SDKROOT; };
		3C6CD9651AAE8A7900D38A65 /* CoreGraphics.framework */ = {isa = PBXFileReference; lastKnownFileType = wrapper.framework; name = CoreGraphics.framework; path = System/Library/Frameworks/CoreGraphics.framework; sourceTree = SDKROOT; };
		3C6CD9661AAE8A7900D38A65 /* QuartzCore.framework */ = {isa = PBXFileReference; lastKnownFileType = wrapper.framework; name = QuartzCore.framework; path = System/Library/Frameworks/QuartzCore.framework; sourceTree = SDKROOT; };
		3C6CD9671AAE8A7900D38A65 /* libz.dylib */ = {isa = PBXFileReference; lastKnownFileType = "compiled.mach-o.dylib"; name = libz.dylib; path = usr/lib/libz.dylib; sourceTree = SDKROOT; };
		3C6CD9681AAE8A7900D38A65 /* libsqlite3.dylib */ = {isa = PBXFileReference; lastKnownFileType = "compiled.mach-o.dylib"; name = libsqlite3.dylib; path = usr/lib/libsqlite3.dylib; sourceTree = SDKROOT; };
		3C6CD9691AAE8A7900D38A65 /* SystemConfiguration.framework */ = {isa = PBXFileReference; lastKnownFileType = wrapper.framework; name = SystemConfiguration.framework; path = System/Library/Frameworks/SystemConfiguration.framework; sourceTree = SDKROOT; };
		3C6CD96A1AAE8A7900D38A65 /* MobileCoreServices.framework */ = {isa = PBXFileReference; lastKnownFileType = wrapper.framework; name = MobileCoreServices.framework; path = System/Library/Frameworks/MobileCoreServices.framework; sourceTree = SDKROOT; };
		3C6CD96B1AAE8A7900D38A65 /* CoreTelephony.framework */ = {isa = PBXFileReference; lastKnownFileType = wrapper.framework; name = CoreTelephony.framework; path = System/Library/Frameworks/CoreTelephony.framework; sourceTree = SDKROOT; };
		3C6CD96C1AAE8A7900D38A65 /* MapKit.framework */ = {isa = PBXFileReference; lastKnownFileType = wrapper.framework; name = MapKit.framework; path = System/Library/Frameworks/MapKit.framework; sourceTree = SDKROOT; };
		3C6CD96D1AAE8A7900D38A65 /* AudioToolbox.framework */ = {isa = PBXFileReference; lastKnownFileType = wrapper.framework; name = AudioToolbox.framework; path = System/Library/Frameworks/AudioToolbox.framework; sourceTree = SDKROOT; };
		3C6CD9781AAE8BDF00D38A65 /* libAppCanEngine_IOS.a */ = {isa = PBXFileReference; lastKnownFileType = archive.ar; name = libAppCanEngine_IOS.a; path = ../libAppCanEngine_IOS.a; sourceTree = "<group>"; };
		42B9285D1BAACAF8008D4B54 /* ImageIO.framework */ = {isa = PBXFileReference; lastKnownFileType = wrapper.framework; name = ImageIO.framework; path = System/Library/Frameworks/ImageIO.framework; sourceTree = SDKROOT; };
		42D7B5911BAFF05200BFBC33 /* EUExBase+Bundle.h */ = {isa = PBXFileReference; fileEncoding = 4; lastKnownFileType = sourcecode.c.h; path = "EUExBase+Bundle.h"; sourceTree = "<group>"; };
		42D7B5921BAFF10C00BFBC33 /* PrefixHeader.pch */ = {isa = PBXFileReference; fileEncoding = 4; lastKnownFileType = sourcecode.c.h; path = PrefixHeader.pch; sourceTree = "<group>"; };
		F769E3041AAE81AD009A471B /* uexChatKeyboard.dylib */ = {isa = PBXFileReference; explicitFileType = "compiled.mach-o.dylib"; includeInIndex = 0; path = uexChatKeyboard.dylib; sourceTree = BUILT_PRODUCTS_DIR; };
		F769E3071AAE81AD009A471B /* Foundation.framework */ = {isa = PBXFileReference; lastKnownFileType = wrapper.framework; name = Foundation.framework; path = System/Library/Frameworks/Foundation.framework; sourceTree = SDKROOT; };
/* End PBXFileReference section */

/* Begin PBXFrameworksBuildPhase section */
		F769E3011AAE81AD009A471B /* Frameworks */ = {
			isa = PBXFrameworksBuildPhase;
			buildActionMask = 2147483647;
			files = (
				42B9285E1BAACAF8008D4B54 /* ImageIO.framework in Frameworks */,
				3C6CD9701AAE8A7900D38A65 /* QuartzCore.framework in Frameworks */,
				3C6CD9731AAE8A7900D38A65 /* SystemConfiguration.framework in Frameworks */,
				3C6CD9761AAE8A7900D38A65 /* MapKit.framework in Frameworks */,
				3C6CD9771AAE8A7900D38A65 /* AudioToolbox.framework in Frameworks */,
				3C6CD9711AAE8A7900D38A65 /* libz.dylib in Frameworks */,
				3C6CD96F1AAE8A7900D38A65 /* CoreGraphics.framework in Frameworks */,
				F769E3081AAE81AD009A471B /* Foundation.framework in Frameworks */,
				3C6CD9741AAE8A7900D38A65 /* MobileCoreServices.framework in Frameworks */,
				3C6CD9721AAE8A7900D38A65 /* libsqlite3.dylib in Frameworks */,
				3C6CD9751AAE8A7900D38A65 /* CoreTelephony.framework in Frameworks */,
				3C6CD9791AAE8BDF00D38A65 /* libAppCanEngine_IOS.a in Frameworks */,
				3C6CD96E1AAE8A7900D38A65 /* UIKit.framework in Frameworks */,
			);
			runOnlyForDeploymentPostprocessing = 0;
		};
/* End PBXFrameworksBuildPhase section */

/* Begin PBXGroup section */
		3C4BACD91AAE87B700B34133 /* engineHeader */ = {
			isa = PBXGroup;
			children = (
				42D7B5911BAFF05200BFBC33 /* EUExBase+Bundle.h */,
				3C4BACDA1AAE87B700B34133 /* EBrowserView.h */,
				3C4BACDB1AAE87B700B34133 /* EUExBase.h */,
				3C4BACDC1AAE87B700B34133 /* EUExBaseDefine.h */,
				3C4BACDD1AAE87B700B34133 /* EUtility.h */,
			);
			name = engineHeader;
			path = EUExChatKeyboard/engineHeader;
			sourceTree = SOURCE_ROOT;
		};
		3C4BACE01AAE87B700B34133 /* sourceCode */ = {
			isa = PBXGroup;
			children = (
				42D7B5921BAFF10C00BFBC33 /* PrefixHeader.pch */,
				3C4BACE11AAE87B700B34133 /* ACPVoiceActionView.h */,
				3C4BACE21AAE87B700B34133 /* ACPVoiceActionView.m */,
				3C4BACE31AAE87B700B34133 /* ChatKeyboard.h */,
				3C4BACE41AAE87B700B34133 /* ChatKeyboard.m */,
				3C4BACE51AAE87B700B34133 /* ChatKeyboardData.h */,
				3C4BACE61AAE87B700B34133 /* ChatKeyboardData.m */,
				3C4BACE71AAE87B700B34133 /* ChatKeyboardUtility.h */,
				3C4BACE81AAE87B700B34133 /* ChatKeyboardUtility.m */,
				3C4BACE91AAE87B700B34133 /* Extend */,
				3C4BACF01AAE87B700B34133 /* Factory */,
				3C4BACF71AAE87B800B34133 /* json */,
				3C4BACFF1AAE87B800B34133 /* messageFaceView */,
				3C4BAD061AAE87B800B34133 /* MessageInputView */,
				3C4BAD0B1AAE87B800B34133 /* messageShareView */,
				3C4BAD101AAE87B800B34133 /* Models */,
				3C4BAD131AAE87B800B34133 /* xmlRaeder */,
			);
			name = sourceCode;
			path = EUExChatKeyboard/sourceCode;
			sourceTree = SOURCE_ROOT;
		};
		3C4BACE91AAE87B700B34133 /* Extend */ = {
			isa = PBXGroup;
			children = (
				3C4BACEA1AAE87B700B34133 /* NSAttributedString+Attributes.h */,
				3C4BACEB1AAE87B700B34133 /* NSAttributedString+Attributes.m */,
				3C4BACEC1AAE87B700B34133 /* NSString+Message.h */,
				3C4BACED1AAE87B700B34133 /* NSString+Message.m */,
				3C4BACEE1AAE87B700B34133 /* UIImage+XHRounded.h */,
				3C4BACEF1AAE87B700B34133 /* UIImage+XHRounded.m */,
			);
			path = Extend;
			sourceTree = "<group>";
		};
		3C4BACF01AAE87B700B34133 /* Factory */ = {
			isa = PBXGroup;
			children = (
				3C4BACF11AAE87B800B34133 /* ZBMessageAvatorFactory.h */,
				3C4BACF21AAE87B800B34133 /* ZBMessageAvatorFactory.m */,
				3C4BACF31AAE87B800B34133 /* ZBMessageBubbleFactory.h */,
				3C4BACF41AAE87B800B34133 /* ZBMessageBubbleFactory.m */,
				3C4BACF51AAE87B800B34133 /* ZBMessageVoiceFactory.h */,
				3C4BACF61AAE87B800B34133 /* ZBMessageVoiceFactory.m */,
			);
			path = Factory;
			sourceTree = "<group>";
		};
		3C4BACF71AAE87B800B34133 /* json */ = {
			isa = PBXGroup;
			children = (
				3C4BACF81AAE87B800B34133 /* JSON.h */,
				3C4BACF91AAE87B800B34133 /* NSObject+SBJSON.h */,
				3C4BACFA1AAE87B800B34133 /* NSString+SBJSON.h */,
				3C4BACFB1AAE87B800B34133 /* SBJSON.h */,
				3C4BACFC1AAE87B800B34133 /* SBJsonBase.h */,
				3C4BACFD1AAE87B800B34133 /* SBJsonParser.h */,
				3C4BACFE1AAE87B800B34133 /* SBJsonWriter.h */,
			);
			path = json;
			sourceTree = "<group>";
		};
		3C4BACFF1AAE87B800B34133 /* messageFaceView */ = {
			isa = PBXGroup;
			children = (
				3C4BAD001AAE87B800B34133 /* ZBExpressionSectionBar.h */,
				3C4BAD011AAE87B800B34133 /* ZBExpressionSectionBar.m */,
				3C4BAD021AAE87B800B34133 /* ZBFaceView.h */,
				3C4BAD031AAE87B800B34133 /* ZBFaceView.m */,
				3C4BAD041AAE87B800B34133 /* ZBMessageManagerFaceView.h */,
				3C4BAD051AAE87B800B34133 /* ZBMessageManagerFaceView.m */,
			);
			path = messageFaceView;
			sourceTree = "<group>";
		};
		3C4BAD061AAE87B800B34133 /* MessageInputView */ = {
			isa = PBXGroup;
			children = (
				3C4BAD071AAE87B800B34133 /* ZBMessageInputView.h */,
				3C4BAD081AAE87B800B34133 /* ZBMessageInputView.m */,
				3C4BAD091AAE87B800B34133 /* ZBMessageTextView.h */,
				3C4BAD0A1AAE87B800B34133 /* ZBMessageTextView.m */,
			);
			path = MessageInputView;
			sourceTree = "<group>";
		};
		3C4BAD0B1AAE87B800B34133 /* messageShareView */ = {
			isa = PBXGroup;
			children = (
				3C4BAD0C1AAE87B800B34133 /* ZBMessageShareMenuItem.h */,
				3C4BAD0D1AAE87B800B34133 /* ZBMessageShareMenuItem.m */,
				3C4BAD0E1AAE87B800B34133 /* ZBMessageShareMenuView.h */,
				3C4BAD0F1AAE87B800B34133 /* ZBMessageShareMenuView.m */,
			);
			path = messageShareView;
			sourceTree = "<group>";
		};
		3C4BAD101AAE87B800B34133 /* Models */ = {
			isa = PBXGroup;
			children = (
				3C4BAD111AAE87B800B34133 /* ZBMessage.h */,
				3C4BAD121AAE87B800B34133 /* ZBMessage.m */,
			);
			path = Models;
			sourceTree = "<group>";
		};
		3C4BAD131AAE87B800B34133 /* xmlRaeder */ = {
			isa = PBXGroup;
			children = (
				3C4BAD141AAE87B800B34133 /* XMLReader.h */,
				3C4BAD151AAE87B800B34133 /* XMLReader.m */,
			);
			path = xmlRaeder;
			sourceTree = "<group>";
		};
		F769E2FB1AAE81AD009A471B = {
			isa = PBXGroup;
			children = (
				F769E3091AAE81AD009A471B /* uexChatKeyboard */,
				F769E3061AAE81AD009A471B /* Frameworks */,
				F769E3051AAE81AD009A471B /* Products */,
			);
			sourceTree = "<group>";
		};
		F769E3051AAE81AD009A471B /* Products */ = {
			isa = PBXGroup;
			children = (
				F769E3041AAE81AD009A471B /* uexChatKeyboard.dylib */,
			);
			name = Products;
			sourceTree = "<group>";
		};
		F769E3061AAE81AD009A471B /* Frameworks */ = {
			isa = PBXGroup;
			children = (
				42B9285D1BAACAF8008D4B54 /* ImageIO.framework */,
				3C6CD9781AAE8BDF00D38A65 /* libAppCanEngine_IOS.a */,
				3C6CD9641AAE8A7900D38A65 /* UIKit.framework */,
				3C6CD9651AAE8A7900D38A65 /* CoreGraphics.framework */,
				3C6CD9661AAE8A7900D38A65 /* QuartzCore.framework */,
				3C6CD9671AAE8A7900D38A65 /* libz.dylib */,
				3C6CD9681AAE8A7900D38A65 /* libsqlite3.dylib */,
				3C6CD9691AAE8A7900D38A65 /* SystemConfiguration.framework */,
				3C6CD96A1AAE8A7900D38A65 /* MobileCoreServices.framework */,
				3C6CD96B1AAE8A7900D38A65 /* CoreTelephony.framework */,
				3C6CD96C1AAE8A7900D38A65 /* MapKit.framework */,
				3C6CD96D1AAE8A7900D38A65 /* AudioToolbox.framework */,
				F769E3071AAE81AD009A471B /* Foundation.framework */,
			);
			name = Frameworks;
			sourceTree = "<group>";
		};
		F769E3091AAE81AD009A471B /* uexChatKeyboard */ = {
			isa = PBXGroup;
			children = (
				3C4BACD91AAE87B700B34133 /* engineHeader */,
				3C4BACDE1AAE87B700B34133 /* EUExChatKeyboard.h */,
				3C4BACDF1AAE87B700B34133 /* EUExChatKeyboard.m */,
				3C4BACE01AAE87B700B34133 /* sourceCode */,
			);
			path = uexChatKeyboard;
			sourceTree = "<group>";
		};
/* End PBXGroup section */

/* Begin PBXNativeTarget section */
		F769E3031AAE81AD009A471B /* uexChatKeyboard */ = {
			isa = PBXNativeTarget;
			buildConfigurationList = F769E3271AAE81AD009A471B /* Build configuration list for PBXNativeTarget "uexChatKeyboard" */;
			buildPhases = (
				F769E3001AAE81AD009A471B /* Sources */,
				F769E3011AAE81AD009A471B /* Frameworks */,
				F769E3021AAE81AD009A471B /* CopyFiles */,
			);
			buildRules = (
			);
			dependencies = (
			);
			name = uexChatKeyboard;
			productName = uexChatKeyboard;
			productReference = F769E3041AAE81AD009A471B /* uexChatKeyboard.dylib */;
			productType = "com.apple.product-type.library.dynamic";
		};
/* End PBXNativeTarget section */

/* Begin PBXProject section */
		F769E2FC1AAE81AD009A471B /* Project object */ = {
			isa = PBXProject;
			attributes = {
				LastUpgradeCheck = 0510;
				ORGANIZATIONNAME = AppCan.can;
			};
			buildConfigurationList = F769E2FF1AAE81AD009A471B /* Build configuration list for PBXProject "uexChatKeyboard" */;
			compatibilityVersion = "Xcode 3.2";
			developmentRegion = English;
			hasScannedForEncodings = 0;
			knownRegions = (
				en,
			);
			mainGroup = F769E2FB1AAE81AD009A471B;
			productRefGroup = F769E3051AAE81AD009A471B /* Products */;
			projectDirPath = "";
			projectRoot = "";
			targets = (
				F769E3031AAE81AD009A471B /* uexChatKeyboard */,
			);
		};
/* End PBXProject section */

/* Begin PBXSourcesBuildPhase section */
		F769E3001AAE81AD009A471B /* Sources */ = {
			isa = PBXSourcesBuildPhase;
			buildActionMask = 2147483647;
			files = (
				3C4BAD261AAE87B800B34133 /* ZBMessageShareMenuItem.m in Sources */,
				3C4BAD201AAE87B800B34133 /* ZBMessageVoiceFactory.m in Sources */,
				3C4BAD291AAE87B800B34133 /* XMLReader.m in Sources */,
				3C4BAD241AAE87B800B34133 /* ZBMessageInputView.m in Sources */,
				3C4BAD271AAE87B800B34133 /* ZBMessageShareMenuView.m in Sources */,
				3C4BAD1E1AAE87B800B34133 /* ZBMessageAvatorFactory.m in Sources */,
				3C4BAD191AAE87B800B34133 /* ChatKeyboardData.m in Sources */,
				3C4BAD181AAE87B800B34133 /* ChatKeyboard.m in Sources */,
				3C4BAD1A1AAE87B800B34133 /* ChatKeyboardUtility.m in Sources */,
				3C4BAD1D1AAE87B800B34133 /* UIImage+XHRounded.m in Sources */,
				3C4BAD221AAE87B800B34133 /* ZBFaceView.m in Sources */,
				3C4BAD171AAE87B800B34133 /* ACPVoiceActionView.m in Sources */,
				3C4BAD1B1AAE87B800B34133 /* NSAttributedString+Attributes.m in Sources */,
				3C4BAD281AAE87B800B34133 /* ZBMessage.m in Sources */,
				3C4BAD161AAE87B800B34133 /* EUExChatKeyboard.m in Sources */,
				3C4BAD211AAE87B800B34133 /* ZBExpressionSectionBar.m in Sources */,
				3C4BAD231AAE87B800B34133 /* ZBMessageManagerFaceView.m in Sources */,
				3C4BAD1F1AAE87B800B34133 /* ZBMessageBubbleFactory.m in Sources */,
				3C4BAD1C1AAE87B800B34133 /* NSString+Message.m in Sources */,
				3C4BAD251AAE87B800B34133 /* ZBMessageTextView.m in Sources */,
			);
			runOnlyForDeploymentPostprocessing = 0;
		};
/* End PBXSourcesBuildPhase section */

/* Begin XCBuildConfiguration section */
		F769E3251AAE81AD009A471B /* Debug */ = {
			isa = XCBuildConfiguration;
			buildSettings = {
				ALWAYS_SEARCH_USER_PATHS = NO;
				CLANG_CXX_LANGUAGE_STANDARD = "gnu++0x";
				CLANG_CXX_LIBRARY = "libc++";
				CLANG_ENABLE_MODULES = YES;
				CLANG_ENABLE_OBJC_ARC = YES;
				CLANG_WARN_BOOL_CONVERSION = YES;
				CLANG_WARN_CONSTANT_CONVERSION = YES;
				CLANG_WARN_DIRECT_OBJC_ISA_USAGE = YES_ERROR;
				CLANG_WARN_EMPTY_BODY = YES;
				CLANG_WARN_ENUM_CONVERSION = YES;
				CLANG_WARN_INT_CONVERSION = YES;
				CLANG_WARN_OBJC_ROOT_CLASS = YES_ERROR;
				CLANG_WARN__DUPLICATE_METHOD_MATCH = YES;
				CODE_SIGN_IDENTITY = "iPhone Developer: Wang GuoChun (GJL3LN9D59)";
				CONFIGURATION_BUILD_DIR = "$(SRCROOT)/uexChatKeyboard";
				COPY_PHASE_STRIP = NO;
				ENABLE_BITCODE = NO;
				GCC_C_LANGUAGE_STANDARD = gnu99;
				GCC_DYNAMIC_NO_PIC = NO;
				GCC_OPTIMIZATION_LEVEL = 0;
				GCC_PREPROCESSOR_DEFINITIONS = (
					"DEBUG=1",
					"$(inherited)",
				);
				GCC_SYMBOLS_PRIVATE_EXTERN = NO;
				GCC_WARN_64_TO_32_BIT_CONVERSION = YES;
				GCC_WARN_ABOUT_RETURN_TYPE = YES_ERROR;
				GCC_WARN_UNDECLARED_SELECTOR = YES;
				GCC_WARN_UNINITIALIZED_AUTOS = YES_AGGRESSIVE;
				GCC_WARN_UNUSED_FUNCTION = YES;
				GCC_WARN_UNUSED_VARIABLE = YES;
				IPHONEOS_DEPLOYMENT_TARGET = 6.0;
				ONLY_ACTIVE_ARCH = NO;
				SDKROOT = iphoneos;
				VALID_ARCHS = "armv7 armv7s";
			};
			name = Debug;
		};
		F769E3261AAE81AD009A471B /* Release */ = {
			isa = XCBuildConfiguration;
			buildSettings = {
				ALWAYS_SEARCH_USER_PATHS = NO;
				CLANG_CXX_LANGUAGE_STANDARD = "gnu++0x";
				CLANG_CXX_LIBRARY = "libc++";
				CLANG_ENABLE_MODULES = YES;
				CLANG_ENABLE_OBJC_ARC = YES;
				CLANG_WARN_BOOL_CONVERSION = YES;
				CLANG_WARN_CONSTANT_CONVERSION = YES;
				CLANG_WARN_DIRECT_OBJC_ISA_USAGE = YES_ERROR;
				CLANG_WARN_EMPTY_BODY = YES;
				CLANG_WARN_ENUM_CONVERSION = YES;
				CLANG_WARN_INT_CONVERSION = YES;
				CLANG_WARN_OBJC_ROOT_CLASS = YES_ERROR;
				CLANG_WARN__DUPLICATE_METHOD_MATCH = YES;
				CODE_SIGN_IDENTITY = "iPhone Developer: Wang GuoChun (GJL3LN9D59)";
				CONFIGURATION_BUILD_DIR = "$(SRCROOT)/uexChatKeyboard";
				COPY_PHASE_STRIP = YES;
				ENABLE_BITCODE = NO;
				ENABLE_NS_ASSERTIONS = NO;
				GCC_C_LANGUAGE_STANDARD = gnu99;
				GCC_WARN_64_TO_32_BIT_CONVERSION = YES;
				GCC_WARN_ABOUT_RETURN_TYPE = YES_ERROR;
				GCC_WARN_UNDECLARED_SELECTOR = YES;
				GCC_WARN_UNINITIALIZED_AUTOS = YES_AGGRESSIVE;
				GCC_WARN_UNUSED_FUNCTION = YES;
				GCC_WARN_UNUSED_VARIABLE = YES;
				IPHONEOS_DEPLOYMENT_TARGET = 6.0;
				ONLY_ACTIVE_ARCH = NO;
				SDKROOT = iphoneos;
				VALIDATE_PRODUCT = YES;
				VALID_ARCHS = "armv7 armv7s";
			};
			name = Release;
		};
		F769E3281AAE81AD009A471B /* Debug */ = {
			isa = XCBuildConfiguration;
			buildSettings = {
				CODE_SIGN_IDENTITY = "iPhone Developer: leilei xu (T8E4RVNP82)";
				DSTROOT = /tmp/uexChatKeyboard.dst;
				ENABLE_BITCODE = NO;
				GCC_PRECOMPILE_PREFIX_HEADER = YES;
				GCC_PREFIX_HEADER = $SRCROOT/EUExChatKeyboard/sourceCode/PrefixHeader.pch;
				LIBRARY_SEARCH_PATHS = (
					"$(inherited)",
					/Users/3g2win/Documents/vendor,
					"$(SRCROOT)/../",
				);
				OTHER_LDFLAGS = "-ObjC";
				PRODUCT_NAME = "$(TARGET_NAME)";
				SKIP_INSTALL = YES;
			};
			name = Debug;
		};
		F769E3291AAE81AD009A471B /* Release */ = {
			isa = XCBuildConfiguration;
			buildSettings = {
				CODE_SIGN_IDENTITY = "iPhone Developer: leilei xu (T8E4RVNP82)";
				DSTROOT = /tmp/uexChatKeyboard.dst;
				ENABLE_BITCODE = NO;
				GCC_PRECOMPILE_PREFIX_HEADER = YES;
				GCC_PREFIX_HEADER = $SRCROOT/EUExChatKeyboard/sourceCode/PrefixHeader.pch;
				LIBRARY_SEARCH_PATHS = (
					"$(inherited)",
					/Users/3g2win/Documents/vendor,
					"$(SRCROOT)/../",
				);
				OTHER_LDFLAGS = "-ObjC";
				PRODUCT_NAME = "$(TARGET_NAME)";
				SKIP_INSTALL = YES;
			};
			name = Release;
		};
/* End XCBuildConfiguration section */

/* Begin XCConfigurationList section */
		F769E2FF1AAE81AD009A471B /* Build configuration list for PBXProject "uexChatKeyboard" */ = {
			isa = XCConfigurationList;
			buildConfigurations = (
				F769E3251AAE81AD009A471B /* Debug */,
				F769E3261AAE81AD009A471B /* Release */,
			);
			defaultConfigurationIsVisible = 0;
			defaultConfigurationName = Release;
		};
		F769E3271AAE81AD009A471B /* Build configuration list for PBXNativeTarget "uexChatKeyboard" */ = {
			isa = XCConfigurationList;
			buildConfigurations = (
				F769E3281AAE81AD009A471B /* Debug */,
				F769E3291AAE81AD009A471B /* Release */,
			);
			defaultConfigurationIsVisible = 0;
			defaultConfigurationName = Release;
		};
/* End XCConfigurationList section */
	};
	rootObject = F769E2FC1AAE81AD009A471B /* Project object */;
}
